// !$*UTF8*$!
{
	archiveVersion = 1;
	classes = {
	};
	objectVersion = 55;
	objects = {

/* Begin PBXBuildFile section */
		12EE17FA79C6DA251B1887E2 /* Pods_Habits.framework in Frameworks */ = {isa = PBXBuildFile; fileRef = 9B15C2EC8BF252FEE02D21B3 /* Pods_Habits.framework */; };
		204A50ED289CEC70000C03EA /* TimeManager.swift in Sources */ = {isa = PBXBuildFile; fileRef = 204A50EC289CEC70000C03EA /* TimeManager.swift */; };
		208025BD28A54061008283FF /* LeeSeoyun.otf in Resources */ = {isa = PBXBuildFile; fileRef = 208025BC28A54061008283FF /* LeeSeoyun.otf */; };
		20850887288A9A4300553252 /* AppDelegate.swift in Sources */ = {isa = PBXBuildFile; fileRef = 20850886288A9A4300553252 /* AppDelegate.swift */; };
		20850889288A9A4300553252 /* SceneDelegate.swift in Sources */ = {isa = PBXBuildFile; fileRef = 20850888288A9A4300553252 /* SceneDelegate.swift */; };
		2085088B288A9A4300553252 /* ConfigVC.swift in Sources */ = {isa = PBXBuildFile; fileRef = 2085088A288A9A4300553252 /* ConfigVC.swift */; };
		2085088E288A9A4300553252 /* Main.storyboard in Resources */ = {isa = PBXBuildFile; fileRef = 2085088C288A9A4300553252 /* Main.storyboard */; };
		20850890288A9A4300553252 /* Assets.xcassets in Resources */ = {isa = PBXBuildFile; fileRef = 2085088F288A9A4300553252 /* Assets.xcassets */; };
		20850893288A9A4300553252 /* LaunchScreen.storyboard in Resources */ = {isa = PBXBuildFile; fileRef = 20850891288A9A4300553252 /* LaunchScreen.storyboard */; };
		2085089B288A9AA300553252 /* AddLIstVC.swift in Sources */ = {isa = PBXBuildFile; fileRef = 2085089A288A9AA300553252 /* AddLIstVC.swift */; };
		2085089D288A9B5C00553252 /* Model.swift in Sources */ = {isa = PBXBuildFile; fileRef = 2085089C288A9B5C00553252 /* Model.swift */; };
		20A4B7A628A24352000957C3 /* CircleProgress.swift in Sources */ = {isa = PBXBuildFile; fileRef = 20A4B7A528A24352000957C3 /* CircleProgress.swift */; };
		20DFD245289A4F90000DF63A /* constants.swift in Sources */ = {isa = PBXBuildFile; fileRef = 20DFD244289A4F90000DF63A /* constants.swift */; };
		7224BD3928A4FB4F002DDF0E /* PausedHabitTableViewController.swift in Sources */ = {isa = PBXBuildFile; fileRef = 7224BD3828A4FB4F002DDF0E /* PausedHabitTableViewController.swift */; };
		722B891A28965FD000158BC5 /* HabitsCollectionVC.swift in Sources */ = {isa = PBXBuildFile; fileRef = 722B891928965FD000158BC5 /* HabitsCollectionVC.swift */; };
		722B891E28967C9300158BC5 /* HabitsCustomCollectionViewCell.xib in Resources */ = {isa = PBXBuildFile; fileRef = 722B891D28967C9300158BC5 /* HabitsCustomCollectionViewCell.xib */; };
		722B892028967D8D00158BC5 /* HabitsCustomCollectionViewCell.swift in Sources */ = {isa = PBXBuildFile; fileRef = 722B891F28967D8D00158BC5 /* HabitsCustomCollectionViewCell.swift */; };
		726DC33028915386005A9D6A /* CheckVC.swift in Sources */ = {isa = PBXBuildFile; fileRef = 72B695BC28902191009EBB23 /* CheckVC.swift */; };
		7272683C28AE783700274864 /* IM_Hyemin-Bold.otf in Resources */ = {isa = PBXBuildFile; fileRef = 7272683B28AE783700274864 /* IM_Hyemin-Bold.otf */; };
		7272683F28AE82E100274864 /* PausedHabitTableViewCell.swift in Sources */ = {isa = PBXBuildFile; fileRef = 7272683D28AE82E100274864 /* PausedHabitTableViewCell.swift */; };
		7272684028AE82E100274864 /* PausedHabitTableViewCell.xib in Resources */ = {isa = PBXBuildFile; fileRef = 7272683E28AE82E100274864 /* PausedHabitTableViewCell.xib */; };
		729D89F7288FDD3A00B77EE9 /* HabitCell.swift in Sources */ = {isa = PBXBuildFile; fileRef = 729D89F5288FDD3A00B77EE9 /* HabitCell.swift */; };
		729D89F8288FDD3A00B77EE9 /* HabitCell.xib in Resources */ = {isa = PBXBuildFile; fileRef = 729D89F6288FDD3A00B77EE9 /* HabitCell.xib */; };
		72EF582828ABD2CF003C8B2A /* IM_Hyemin-Regular.otf in Resources */ = {isa = PBXBuildFile; fileRef = 72EF582728ABD2CF003C8B2A /* IM_Hyemin-Regular.otf */; };
		72EF582A28ABDBAF003C8B2A /* Baloo-Regular.ttf in Resources */ = {isa = PBXBuildFile; fileRef = 72EF582928ABDBAF003C8B2A /* Baloo-Regular.ttf */; };
/* End PBXBuildFile section */

/* Begin PBXFileReference section */
		204A50EC289CEC70000C03EA /* TimeManager.swift */ = {isa = PBXFileReference; lastKnownFileType = sourcecode.swift; path = TimeManager.swift; sourceTree = "<group>"; };
		208025BC28A54061008283FF /* LeeSeoyun.otf */ = {isa = PBXFileReference; lastKnownFileType = file; path = LeeSeoyun.otf; sourceTree = "<group>"; };
		20850883288A9A4300553252 /* Habits.app */ = {isa = PBXFileReference; explicitFileType = wrapper.application; includeInIndex = 0; path = Habits.app; sourceTree = BUILT_PRODUCTS_DIR; };
		20850886288A9A4300553252 /* AppDelegate.swift */ = {isa = PBXFileReference; lastKnownFileType = sourcecode.swift; path = AppDelegate.swift; sourceTree = "<group>"; };
		20850888288A9A4300553252 /* SceneDelegate.swift */ = {isa = PBXFileReference; lastKnownFileType = sourcecode.swift; path = SceneDelegate.swift; sourceTree = "<group>"; };
		2085088A288A9A4300553252 /* ConfigVC.swift */ = {isa = PBXFileReference; lastKnownFileType = sourcecode.swift; path = ConfigVC.swift; sourceTree = "<group>"; };
		2085088D288A9A4300553252 /* Base */ = {isa = PBXFileReference; lastKnownFileType = file.storyboard; name = Base; path = Base.lproj/Main.storyboard; sourceTree = "<group>"; };
		2085088F288A9A4300553252 /* Assets.xcassets */ = {isa = PBXFileReference; lastKnownFileType = folder.assetcatalog; path = Assets.xcassets; sourceTree = "<group>"; };
		20850892288A9A4300553252 /* Base */ = {isa = PBXFileReference; lastKnownFileType = file.storyboard; name = Base; path = Base.lproj/LaunchScreen.storyboard; sourceTree = "<group>"; };
		20850894288A9A4300553252 /* Info.plist */ = {isa = PBXFileReference; lastKnownFileType = text.plist.xml; path = Info.plist; sourceTree = "<group>"; };
		2085089A288A9AA300553252 /* AddLIstVC.swift */ = {isa = PBXFileReference; lastKnownFileType = sourcecode.swift; path = AddLIstVC.swift; sourceTree = "<group>"; };
		2085089C288A9B5C00553252 /* Model.swift */ = {isa = PBXFileReference; lastKnownFileType = sourcecode.swift; path = Model.swift; sourceTree = "<group>"; };
		20A4B7A528A24352000957C3 /* CircleProgress.swift */ = {isa = PBXFileReference; lastKnownFileType = sourcecode.swift; path = CircleProgress.swift; sourceTree = "<group>"; };
		20DFD244289A4F90000DF63A /* constants.swift */ = {isa = PBXFileReference; lastKnownFileType = sourcecode.swift; path = constants.swift; sourceTree = "<group>"; };
		3D39E534B7259F1752BA5B5D /* Pods-Habits.debug.xcconfig */ = {isa = PBXFileReference; includeInIndex = 1; lastKnownFileType = text.xcconfig; name = "Pods-Habits.debug.xcconfig"; path = "Target Support Files/Pods-Habits/Pods-Habits.debug.xcconfig"; sourceTree = "<group>"; };
		5E5E6C8D9947140609408D83 /* Pods-Habits.release.xcconfig */ = {isa = PBXFileReference; includeInIndex = 1; lastKnownFileType = text.xcconfig; name = "Pods-Habits.release.xcconfig"; path = "Target Support Files/Pods-Habits/Pods-Habits.release.xcconfig"; sourceTree = "<group>"; };
		7224BD3828A4FB4F002DDF0E /* PausedHabitTableViewController.swift */ = {isa = PBXFileReference; lastKnownFileType = sourcecode.swift; path = PausedHabitTableViewController.swift; sourceTree = "<group>"; };
		722B891928965FD000158BC5 /* HabitsCollectionVC.swift */ = {isa = PBXFileReference; lastKnownFileType = sourcecode.swift; path = HabitsCollectionVC.swift; sourceTree = "<group>"; };
		722B891D28967C9300158BC5 /* HabitsCustomCollectionViewCell.xib */ = {isa = PBXFileReference; lastKnownFileType = file.xib; path = HabitsCustomCollectionViewCell.xib; sourceTree = "<group>"; };
		722B891F28967D8D00158BC5 /* HabitsCustomCollectionViewCell.swift */ = {isa = PBXFileReference; lastKnownFileType = sourcecode.swift; path = HabitsCustomCollectionViewCell.swift; sourceTree = "<group>"; };
		7272683B28AE783700274864 /* IM_Hyemin-Bold.otf */ = {isa = PBXFileReference; lastKnownFileType = file; path = "IM_Hyemin-Bold.otf"; sourceTree = "<group>"; };
		7272683D28AE82E100274864 /* PausedHabitTableViewCell.swift */ = {isa = PBXFileReference; lastKnownFileType = sourcecode.swift; path = PausedHabitTableViewCell.swift; sourceTree = "<group>"; };
		7272683E28AE82E100274864 /* PausedHabitTableViewCell.xib */ = {isa = PBXFileReference; lastKnownFileType = file.xib; path = PausedHabitTableViewCell.xib; sourceTree = "<group>"; };
		729D89F5288FDD3A00B77EE9 /* HabitCell.swift */ = {isa = PBXFileReference; lastKnownFileType = sourcecode.swift; path = HabitCell.swift; sourceTree = "<group>"; };
		729D89F6288FDD3A00B77EE9 /* HabitCell.xib */ = {isa = PBXFileReference; lastKnownFileType = file.xib; path = HabitCell.xib; sourceTree = "<group>"; };
		72B695BC28902191009EBB23 /* CheckVC.swift */ = {isa = PBXFileReference; lastKnownFileType = sourcecode.swift; path = CheckVC.swift; sourceTree = "<group>"; };
		72EF582728ABD2CF003C8B2A /* IM_Hyemin-Regular.otf */ = {isa = PBXFileReference; lastKnownFileType = file; path = "IM_Hyemin-Regular.otf"; sourceTree = "<group>"; };
		72EF582928ABDBAF003C8B2A /* Baloo-Regular.ttf */ = {isa = PBXFileReference; lastKnownFileType = file; path = "Baloo-Regular.ttf"; sourceTree = "<group>"; };
		9B15C2EC8BF252FEE02D21B3 /* Pods_Habits.framework */ = {isa = PBXFileReference; explicitFileType = wrapper.framework; includeInIndex = 0; path = Pods_Habits.framework; sourceTree = BUILT_PRODUCTS_DIR; };
/* End PBXFileReference section */

/* Begin PBXFrameworksBuildPhase section */
		20850880288A9A4300553252 /* Frameworks */ = {
			isa = PBXFrameworksBuildPhase;
			buildActionMask = 2147483647;
			files = (
				12EE17FA79C6DA251B1887E2 /* Pods_Habits.framework in Frameworks */,
			);
			runOnlyForDeploymentPostprocessing = 0;
		};
/* End PBXFrameworksBuildPhase section */

/* Begin PBXGroup section */
		208025B728A53D22008283FF /* Fonts */ = {
			isa = PBXGroup;
			children = (
				7272683B28AE783700274864 /* IM_Hyemin-Bold.otf */,
				72EF582928ABDBAF003C8B2A /* Baloo-Regular.ttf */,
				72EF582728ABD2CF003C8B2A /* IM_Hyemin-Regular.otf */,
				208025BC28A54061008283FF /* LeeSeoyun.otf */,
			);
			path = Fonts;
			sourceTree = "<group>";
		};
		2085087A288A9A4300553252 = {
			isa = PBXGroup;
			children = (
				20850885288A9A4300553252 /* Habits */,
				20850884288A9A4300553252 /* Products */,
				FA0DB9E5056AE00BD9564D57 /* Pods */,
				CA920A1FE137C93E6E954091 /* Frameworks */,
			);
			sourceTree = "<group>";
		};
		20850884288A9A4300553252 /* Products */ = {
			isa = PBXGroup;
			children = (
				20850883288A9A4300553252 /* Habits.app */,
			);
			name = Products;
			sourceTree = "<group>";
		};
		20850885288A9A4300553252 /* Habits */ = {
			isa = PBXGroup;
			children = (
				208025B728A53D22008283FF /* Fonts */,
				20DFD243289A4CEC000DF63A /* Service */,
				20DFD240289A4CD1000DF63A /* Model */,
				20DFD241289A4CE0000DF63A /* View */,
				20DFD242289A4CE6000DF63A /* Controller */,
				20850894288A9A4300553252 /* Info.plist */,
				2085088F288A9A4300553252 /* Assets.xcassets */,
				20850888288A9A4300553252 /* SceneDelegate.swift */,
				20850886288A9A4300553252 /* AppDelegate.swift */,
			);
			path = Habits;
			sourceTree = "<group>";
		};
		20DFD240289A4CD1000DF63A /* Model */ = {
			isa = PBXGroup;
			children = (
				2085089C288A9B5C00553252 /* Model.swift */,
				20DFD244289A4F90000DF63A /* constants.swift */,
			);
			path = Model;
			sourceTree = "<group>";
		};
		20DFD241289A4CE0000DF63A /* View */ = {
			isa = PBXGroup;
			children = (
				2085088C288A9A4300553252 /* Main.storyboard */,
				729D89F6288FDD3A00B77EE9 /* HabitCell.xib */,
				722B891D28967C9300158BC5 /* HabitsCustomCollectionViewCell.xib */,
				20850891288A9A4300553252 /* LaunchScreen.storyboard */,
				7272683E28AE82E100274864 /* PausedHabitTableViewCell.xib */,
			);
			path = View;
			sourceTree = "<group>";
		};
		20DFD242289A4CE6000DF63A /* Controller */ = {
			isa = PBXGroup;
			children = (
				722B891F28967D8D00158BC5 /* HabitsCustomCollectionViewCell.swift */,
				722B891928965FD000158BC5 /* HabitsCollectionVC.swift */,
				729D89F5288FDD3A00B77EE9 /* HabitCell.swift */,
				2085088A288A9A4300553252 /* ConfigVC.swift */,
				72B695BC28902191009EBB23 /* CheckVC.swift */,
				2085089A288A9AA300553252 /* AddLIstVC.swift */,
				7224BD3828A4FB4F002DDF0E /* PausedHabitTableViewController.swift */,
				7272683D28AE82E100274864 /* PausedHabitTableViewCell.swift */,
			);
			path = Controller;
			sourceTree = "<group>";
		};
		20DFD243289A4CEC000DF63A /* Service */ = {
			isa = PBXGroup;
			children = (
				204A50EC289CEC70000C03EA /* TimeManager.swift */,
				20A4B7A528A24352000957C3 /* CircleProgress.swift */,
			);
			path = Service;
			sourceTree = "<group>";
		};
		CA920A1FE137C93E6E954091 /* Frameworks */ = {
			isa = PBXGroup;
			children = (
				9B15C2EC8BF252FEE02D21B3 /* Pods_Habits.framework */,
			);
			name = Frameworks;
			sourceTree = "<group>";
		};
		FA0DB9E5056AE00BD9564D57 /* Pods */ = {
			isa = PBXGroup;
			children = (
				3D39E534B7259F1752BA5B5D /* Pods-Habits.debug.xcconfig */,
				5E5E6C8D9947140609408D83 /* Pods-Habits.release.xcconfig */,
			);
			path = Pods;
			sourceTree = "<group>";
		};
/* End PBXGroup section */

/* Begin PBXNativeTarget section */
		20850882288A9A4300553252 /* Habits */ = {
			isa = PBXNativeTarget;
			buildConfigurationList = 20850897288A9A4300553252 /* Build configuration list for PBXNativeTarget "Habits" */;
			buildPhases = (
				02E84CF06021523A1172E8CD /* [CP] Check Pods Manifest.lock */,
				2085087F288A9A4300553252 /* Sources */,
				20850880288A9A4300553252 /* Frameworks */,
				20850881288A9A4300553252 /* Resources */,
				1D16AFD8E5E6AB200B8E9D70 /* [CP] Embed Pods Frameworks */,
			);
			buildRules = (
			);
			dependencies = (
			);
			name = Habits;
			productName = Habits;
			productReference = 20850883288A9A4300553252 /* Habits.app */;
			productType = "com.apple.product-type.application";
		};
/* End PBXNativeTarget section */

/* Begin PBXProject section */
		2085087B288A9A4300553252 /* Project object */ = {
			isa = PBXProject;
			attributes = {
				BuildIndependentTargetsInParallel = 1;
				LastSwiftUpdateCheck = 1340;
				LastUpgradeCheck = 1340;
				TargetAttributes = {
					20850882288A9A4300553252 = {
						CreatedOnToolsVersion = 13.4.1;
					};
				};
			};
			buildConfigurationList = 2085087E288A9A4300553252 /* Build configuration list for PBXProject "Habits" */;
			compatibilityVersion = "Xcode 13.0";
			developmentRegion = en;
			hasScannedForEncodings = 0;
			knownRegions = (
				en,
				Base,
			);
			mainGroup = 2085087A288A9A4300553252;
			productRefGroup = 20850884288A9A4300553252 /* Products */;
			projectDirPath = "";
			projectRoot = "";
			targets = (
				20850882288A9A4300553252 /* Habits */,
			);
		};
/* End PBXProject section */

/* Begin PBXResourcesBuildPhase section */
		20850881288A9A4300553252 /* Resources */ = {
			isa = PBXResourcesBuildPhase;
			buildActionMask = 2147483647;
			files = (
				7272684028AE82E100274864 /* PausedHabitTableViewCell.xib in Resources */,
				72EF582828ABD2CF003C8B2A /* IM_Hyemin-Regular.otf in Resources */,
				72EF582A28ABDBAF003C8B2A /* Baloo-Regular.ttf in Resources */,
				20850893288A9A4300553252 /* LaunchScreen.storyboard in Resources */,
				208025BD28A54061008283FF /* LeeSeoyun.otf in Resources */,
				722B891E28967C9300158BC5 /* HabitsCustomCollectionViewCell.xib in Resources */,
				20850890288A9A4300553252 /* Assets.xcassets in Resources */,
				729D89F8288FDD3A00B77EE9 /* HabitCell.xib in Resources */,
				7272683C28AE783700274864 /* IM_Hyemin-Bold.otf in Resources */,
				2085088E288A9A4300553252 /* Main.storyboard in Resources */,
			);
			runOnlyForDeploymentPostprocessing = 0;
		};
/* End PBXResourcesBuildPhase section */

/* Begin PBXShellScriptBuildPhase section */
		02E84CF06021523A1172E8CD /* [CP] Check Pods Manifest.lock */ = {
			isa = PBXShellScriptBuildPhase;
			buildActionMask = 2147483647;
			files = (
			);
			inputFileListPaths = (
			);
			inputPaths = (
				"${PODS_PODFILE_DIR_PATH}/Podfile.lock",
				"${PODS_ROOT}/Manifest.lock",
			);
			name = "[CP] Check Pods Manifest.lock";
			outputFileListPaths = (
			);
			outputPaths = (
				"$(DERIVED_FILE_DIR)/Pods-Habits-checkManifestLockResult.txt",
			);
			runOnlyForDeploymentPostprocessing = 0;
			shellPath = /bin/sh;
			shellScript = "diff \"${PODS_PODFILE_DIR_PATH}/Podfile.lock\" \"${PODS_ROOT}/Manifest.lock\" > /dev/null\nif [ $? != 0 ] ; then\n    # print error to STDERR\n    echo \"error: The sandbox is not in sync with the Podfile.lock. Run 'pod install' or update your CocoaPods installation.\" >&2\n    exit 1\nfi\n# This output is used by Xcode 'outputs' to avoid re-running this script phase.\necho \"SUCCESS\" > \"${SCRIPT_OUTPUT_FILE_0}\"\n";
			showEnvVarsInLog = 0;
		};
		1D16AFD8E5E6AB200B8E9D70 /* [CP] Embed Pods Frameworks */ = {
			isa = PBXShellScriptBuildPhase;
			buildActionMask = 2147483647;
			files = (
			);
			inputFileListPaths = (
				"${PODS_ROOT}/Target Support Files/Pods-Habits/Pods-Habits-frameworks-${CONFIGURATION}-input-files.xcfilelist",
			);
			name = "[CP] Embed Pods Frameworks";
			outputFileListPaths = (
				"${PODS_ROOT}/Target Support Files/Pods-Habits/Pods-Habits-frameworks-${CONFIGURATION}-output-files.xcfilelist",
			);
			runOnlyForDeploymentPostprocessing = 0;
			shellPath = /bin/sh;
			shellScript = "\"${PODS_ROOT}/Target Support Files/Pods-Habits/Pods-Habits-frameworks.sh\"\n";
			showEnvVarsInLog = 0;
		};
/* End PBXShellScriptBuildPhase section */

/* Begin PBXSourcesBuildPhase section */
		2085087F288A9A4300553252 /* Sources */ = {
			isa = PBXSourcesBuildPhase;
			buildActionMask = 2147483647;
			files = (
				7272683F28AE82E100274864 /* PausedHabitTableViewCell.swift in Sources */,
				2085089D288A9B5C00553252 /* Model.swift in Sources */,
				2085089B288A9AA300553252 /* AddLIstVC.swift in Sources */,
				7224BD3928A4FB4F002DDF0E /* PausedHabitTableViewController.swift in Sources */,
				726DC33028915386005A9D6A /* CheckVC.swift in Sources */,
				20DFD245289A4F90000DF63A /* constants.swift in Sources */,
				722B891A28965FD000158BC5 /* HabitsCollectionVC.swift in Sources */,
				204A50ED289CEC70000C03EA /* TimeManager.swift in Sources */,
				729D89F7288FDD3A00B77EE9 /* HabitCell.swift in Sources */,
				2085088B288A9A4300553252 /* ConfigVC.swift in Sources */,
				20A4B7A628A24352000957C3 /* CircleProgress.swift in Sources */,
				20850887288A9A4300553252 /* AppDelegate.swift in Sources */,
				722B892028967D8D00158BC5 /* HabitsCustomCollectionViewCell.swift in Sources */,
				20850889288A9A4300553252 /* SceneDelegate.swift in Sources */,
			);
			runOnlyForDeploymentPostprocessing = 0;
		};
/* End PBXSourcesBuildPhase section */

/* Begin PBXVariantGroup section */
		2085088C288A9A4300553252 /* Main.storyboard */ = {
			isa = PBXVariantGroup;
			children = (
				2085088D288A9A4300553252 /* Base */,
			);
			name = Main.storyboard;
			sourceTree = "<group>";
		};
		20850891288A9A4300553252 /* LaunchScreen.storyboard */ = {
			isa = PBXVariantGroup;
			children = (
				20850892288A9A4300553252 /* Base */,
			);
			name = LaunchScreen.storyboard;
			sourceTree = "<group>";
		};
/* End PBXVariantGroup section */

/* Begin XCBuildConfiguration section */
		20850895288A9A4300553252 /* Debug */ = {
			isa = XCBuildConfiguration;
			buildSettings = {
				ALWAYS_SEARCH_USER_PATHS = NO;
				CLANG_ANALYZER_NONNULL = YES;
				CLANG_ANALYZER_NUMBER_OBJECT_CONVERSION = YES_AGGRESSIVE;
				CLANG_CXX_LANGUAGE_STANDARD = "gnu++17";
				CLANG_ENABLE_MODULES = YES;
				CLANG_ENABLE_OBJC_ARC = YES;
				CLANG_ENABLE_OBJC_WEAK = YES;
				CLANG_WARN_BLOCK_CAPTURE_AUTORELEASING = YES;
				CLANG_WARN_BOOL_CONVERSION = YES;
				CLANG_WARN_COMMA = YES;
				CLANG_WARN_CONSTANT_CONVERSION = YES;
				CLANG_WARN_DEPRECATED_OBJC_IMPLEMENTATIONS = YES;
				CLANG_WARN_DIRECT_OBJC_ISA_USAGE = YES_ERROR;
				CLANG_WARN_DOCUMENTATION_COMMENTS = YES;
				CLANG_WARN_EMPTY_BODY = YES;
				CLANG_WARN_ENUM_CONVERSION = YES;
				CLANG_WARN_INFINITE_RECURSION = YES;
				CLANG_WARN_INT_CONVERSION = YES;
				CLANG_WARN_NON_LITERAL_NULL_CONVERSION = YES;
				CLANG_WARN_OBJC_IMPLICIT_RETAIN_SELF = YES;
				CLANG_WARN_OBJC_LITERAL_CONVERSION = YES;
				CLANG_WARN_OBJC_ROOT_CLASS = YES_ERROR;
				CLANG_WARN_QUOTED_INCLUDE_IN_FRAMEWORK_HEADER = YES;
				CLANG_WARN_RANGE_LOOP_ANALYSIS = YES;
				CLANG_WARN_STRICT_PROTOTYPES = YES;
				CLANG_WARN_SUSPICIOUS_MOVE = YES;
				CLANG_WARN_UNGUARDED_AVAILABILITY = YES_AGGRESSIVE;
				CLANG_WARN_UNREACHABLE_CODE = YES;
				CLANG_WARN__DUPLICATE_METHOD_MATCH = YES;
				COPY_PHASE_STRIP = NO;
				DEBUG_INFORMATION_FORMAT = dwarf;
				ENABLE_STRICT_OBJC_MSGSEND = YES;
				ENABLE_TESTABILITY = YES;
				GCC_C_LANGUAGE_STANDARD = gnu11;
				GCC_DYNAMIC_NO_PIC = NO;
				GCC_NO_COMMON_BLOCKS = YES;
				GCC_OPTIMIZATION_LEVEL = 0;
				GCC_PREPROCESSOR_DEFINITIONS = (
					"DEBUG=1",
					"$(inherited)",
				);
				GCC_WARN_64_TO_32_BIT_CONVERSION = YES;
				GCC_WARN_ABOUT_RETURN_TYPE = YES_ERROR;
				GCC_WARN_UNDECLARED_SELECTOR = YES;
				GCC_WARN_UNINITIALIZED_AUTOS = YES_AGGRESSIVE;
				GCC_WARN_UNUSED_FUNCTION = YES;
				GCC_WARN_UNUSED_VARIABLE = YES;
				IPHONEOS_DEPLOYMENT_TARGET = 14.0;
				MTL_ENABLE_DEBUG_INFO = INCLUDE_SOURCE;
				MTL_FAST_MATH = YES;
				ONLY_ACTIVE_ARCH = YES;
				SDKROOT = iphoneos;
				SWIFT_ACTIVE_COMPILATION_CONDITIONS = DEBUG;
				SWIFT_OPTIMIZATION_LEVEL = "-Onone";
			};
			name = Debug;
		};
		20850896288A9A4300553252 /* Release */ = {
			isa = XCBuildConfiguration;
			buildSettings = {
				ALWAYS_SEARCH_USER_PATHS = NO;
				CLANG_ANALYZER_NONNULL = YES;
				CLANG_ANALYZER_NUMBER_OBJECT_CONVERSION = YES_AGGRESSIVE;
				CLANG_CXX_LANGUAGE_STANDARD = "gnu++17";
				CLANG_ENABLE_MODULES = YES;
				CLANG_ENABLE_OBJC_ARC = YES;
				CLANG_ENABLE_OBJC_WEAK = YES;
				CLANG_WARN_BLOCK_CAPTURE_AUTORELEASING = YES;
				CLANG_WARN_BOOL_CONVERSION = YES;
				CLANG_WARN_COMMA = YES;
				CLANG_WARN_CONSTANT_CONVERSION = YES;
				CLANG_WARN_DEPRECATED_OBJC_IMPLEMENTATIONS = YES;
				CLANG_WARN_DIRECT_OBJC_ISA_USAGE = YES_ERROR;
				CLANG_WARN_DOCUMENTATION_COMMENTS = YES;
				CLANG_WARN_EMPTY_BODY = YES;
				CLANG_WARN_ENUM_CONVERSION = YES;
				CLANG_WARN_INFINITE_RECURSION = YES;
				CLANG_WARN_INT_CONVERSION = YES;
				CLANG_WARN_NON_LITERAL_NULL_CONVERSION = YES;
				CLANG_WARN_OBJC_IMPLICIT_RETAIN_SELF = YES;
				CLANG_WARN_OBJC_LITERAL_CONVERSION = YES;
				CLANG_WARN_OBJC_ROOT_CLASS = YES_ERROR;
				CLANG_WARN_QUOTED_INCLUDE_IN_FRAMEWORK_HEADER = YES;
				CLANG_WARN_RANGE_LOOP_ANALYSIS = YES;
				CLANG_WARN_STRICT_PROTOTYPES = YES;
				CLANG_WARN_SUSPICIOUS_MOVE = YES;
				CLANG_WARN_UNGUARDED_AVAILABILITY = YES_AGGRESSIVE;
				CLANG_WARN_UNREACHABLE_CODE = YES;
				CLANG_WARN__DUPLICATE_METHOD_MATCH = YES;
				COPY_PHASE_STRIP = NO;
				DEBUG_INFORMATION_FORMAT = "dwarf-with-dsym";
				ENABLE_NS_ASSERTIONS = NO;
				ENABLE_STRICT_OBJC_MSGSEND = YES;
				GCC_C_LANGUAGE_STANDARD = gnu11;
				GCC_NO_COMMON_BLOCKS = YES;
				GCC_WARN_64_TO_32_BIT_CONVERSION = YES;
				GCC_WARN_ABOUT_RETURN_TYPE = YES_ERROR;
				GCC_WARN_UNDECLARED_SELECTOR = YES;
				GCC_WARN_UNINITIALIZED_AUTOS = YES_AGGRESSIVE;
				GCC_WARN_UNUSED_FUNCTION = YES;
				GCC_WARN_UNUSED_VARIABLE = YES;
				IPHONEOS_DEPLOYMENT_TARGET = 14.0;
				MTL_ENABLE_DEBUG_INFO = NO;
				MTL_FAST_MATH = YES;
				SDKROOT = iphoneos;
				SWIFT_COMPILATION_MODE = wholemodule;
				SWIFT_OPTIMIZATION_LEVEL = "-O";
				VALIDATE_PRODUCT = YES;
			};
			name = Release;
		};
		20850898288A9A4300553252 /* Debug */ = {
			isa = XCBuildConfiguration;
			baseConfigurationReference = 3D39E534B7259F1752BA5B5D /* Pods-Habits.debug.xcconfig */;
			buildSettings = {
				ASSETCATALOG_COMPILER_APPICON_NAME = AppIcon;
				ASSETCATALOG_COMPILER_GLOBAL_ACCENT_COLOR_NAME = AccentColor;
				CODE_SIGN_STYLE = Automatic;
				CURRENT_PROJECT_VERSION = 1;
				DEVELOPMENT_TEAM = UM655SCS28;
				GENERATE_INFOPLIST_FILE = YES;
				INFOPLIST_FILE = Habits/Info.plist;
				INFOPLIST_KEY_UIApplicationSupportsIndirectInputEvents = YES;
				INFOPLIST_KEY_UILaunchStoryboardName = LaunchScreen;
				INFOPLIST_KEY_UIMainStoryboardFile = Main;
				INFOPLIST_KEY_UISupportedInterfaceOrientations_iPad = "UIInterfaceOrientationPortrait UIInterfaceOrientationPortraitUpsideDown UIInterfaceOrientationLandscapeLeft UIInterfaceOrientationLandscapeRight";
				INFOPLIST_KEY_UISupportedInterfaceOrientations_iPhone = "UIInterfaceOrientationPortrait UIInterfaceOrientationLandscapeLeft UIInterfaceOrientationLandscapeRight";
				LD_RUNPATH_SEARCH_PATHS = (
					"$(inherited)",
					"@executable_path/Frameworks",
				);
				MARKETING_VERSION = 1.0;
				PRODUCT_BUNDLE_IDENTIFIER = com.automic.Habits;
				PRODUCT_NAME = "$(TARGET_NAME)";
				SWIFT_EMIT_LOC_STRINGS = YES;
				SWIFT_VERSION = 5.0;
				TARGETED_DEVICE_FAMILY = "1,2";
			};
			name = Debug;
		};
		20850899288A9A4300553252 /* Release */ = {
			isa = XCBuildConfiguration;
			baseConfigurationReference = 5E5E6C8D9947140609408D83 /* Pods-Habits.release.xcconfig */;
			buildSettings = {
				ASSETCATALOG_COMPILER_APPICON_NAME = AppIcon;
				ASSETCATALOG_COMPILER_GLOBAL_ACCENT_COLOR_NAME = AccentColor;
				CODE_SIGN_STYLE = Automatic;
				CURRENT_PROJECT_VERSION = 1;
				DEVELOPMENT_TEAM = UM655SCS28;
				GENERATE_INFOPLIST_FILE = YES;
				INFOPLIST_FILE = Habits/Info.plist;
				INFOPLIST_KEY_UIApplicationSupportsIndirectInputEvents = YES;
				INFOPLIST_KEY_UILaunchStoryboardName = LaunchScreen;
				INFOPLIST_KEY_UIMainStoryboardFile = Main;
				INFOPLIST_KEY_UISupportedInterfaceOrientations_iPad = "UIInterfaceOrientationPortrait UIInterfaceOrientationPortraitUpsideDown UIInterfaceOrientationLandscapeLeft UIInterfaceOrientationLandscapeRight";
				INFOPLIST_KEY_UISupportedInterfaceOrientations_iPhone = "UIInterfaceOrientationPortrait UIInterfaceOrientationLandscapeLeft UIInterfaceOrientationLandscapeRight";
				LD_RUNPATH_SEARCH_PATHS = (
					"$(inherited)",
					"@executable_path/Frameworks",
				);
				MARKETING_VERSION = 1.0;
				PRODUCT_BUNDLE_IDENTIFIER = com.automic.Habits;
				PRODUCT_NAME = "$(TARGET_NAME)";
				SWIFT_EMIT_LOC_STRINGS = YES;
				SWIFT_VERSION = 5.0;
				TARGETED_DEVICE_FAMILY = "1,2";
			};
			name = Release;
		};
/* End XCBuildConfiguration section */

/* Begin XCConfigurationList section */
		2085087E288A9A4300553252 /* Build configuration list for PBXProject "Habits" */ = {
			isa = XCConfigurationList;
			buildConfigurations = (
				20850895288A9A4300553252 /* Debug */,
				20850896288A9A4300553252 /* Release */,
			);
			defaultConfigurationIsVisible = 0;
			defaultConfigurationName = Release;
		};
		20850897288A9A4300553252 /* Build configuration list for PBXNativeTarget "Habits" */ = {
			isa = XCConfigurationList;
			buildConfigurations = (
				20850898288A9A4300553252 /* Debug */,
				20850899288A9A4300553252 /* Release */,
			);
			defaultConfigurationIsVisible = 0;
			defaultConfigurationName = Release;
		};
/* End XCConfigurationList section */
	};
	rootObject = 2085087B288A9A4300553252 /* Project object */;
}
